
Microsoft Visual Studio Solution File, Format Version 12.00
Project("{FAE04EC0-301F-11D3-BF4B-00C04F79EFBC}") = "Test.Api", "Test.Api\Test.Api.csproj", "{E4D55A03-AC54-4746-B1E5-1D37FA596B9A}"
EndProject
Project("{FAE04EC0-301F-11D3-BF4B-00C04F79EFBC}") = "Test.Domain", "Test.Domain\Test.Domain.csproj", "{43797958-181A-453D-87E6-D9383C2BC986}"
EndProject
Project("{FAE04EC0-301F-11D3-BF4B-00C04F79EFBC}") = "Test.Application", "Test.Application\Test.Application.csproj", "{44996EBB-6E35-4121-95E3-55C21724D167}"
EndProject
Project("{FAE04EC0-301F-11D3-BF4B-00C04F79EFBC}") = "Test.Infrastructure", "Test.Infrastructure\Test.Infrastructure.csproj", "{3916ACA1-96FA-4B32-9782-7D17C1915213}"
EndProject
Global
	GlobalSection(SolutionConfigurationPlatforms) = preSolution
		Debug|Any CPU = Debug|Any CPU
		Release|Any CPU = Release|Any CPU
	EndGlobalSection
	GlobalSection(ProjectConfigurationPlatforms) = postSolution
		{E4D55A03-AC54-4746-B1E5-1D37FA596B9A}.Debug|Any CPU.ActiveCfg = Debug|Any CPU
		{E4D55A03-AC54-4746-B1E5-1D37FA596B9A}.Debug|Any CPU.Build.0 = Debug|Any CPU
		{E4D55A03-AC54-4746-B1E5-1D37FA596B9A}.Release|Any CPU.ActiveCfg = Release|Any CPU
		{E4D55A03-AC54-4746-B1E5-1D37FA596B9A}.Release|Any CPU.Build.0 = Release|Any CPU
		{43797958-181A-453D-87E6-D9383C2BC986}.Debug|Any CPU.ActiveCfg = Debug|Any CPU
		{43797958-181A-453D-87E6-D9383C2BC986}.Debug|Any CPU.Build.0 = Debug|Any CPU
		{43797958-181A-453D-87E6-D9383C2BC986}.Release|Any CPU.ActiveCfg = Release|Any CPU
		{43797958-181A-453D-87E6-D9383C2BC986}.Release|Any CPU.Build.0 = Release|Any CPU
		{44996EBB-6E35-4121-95E3-55C21724D167}.Debug|Any CPU.ActiveCfg = Debug|Any CPU
		{44996EBB-6E35-4121-95E3-55C21724D167}.Debug|Any CPU.Build.0 = Debug|Any CPU
		{44996EBB-6E35-4121-95E3-55C21724D167}.Release|Any CPU.ActiveCfg = Release|Any CPU
		{44996EBB-6E35-4121-95E3-55C21724D167}.Release|Any CPU.Build.0 = Release|Any CPU
		{3916ACA1-96FA-4B32-9782-7D17C1915213}.Debug|Any CPU.ActiveCfg = Debug|Any CPU
		{3916ACA1-96FA-4B32-9782-7D17C1915213}.Debug|Any CPU.Build.0 = Debug|Any CPU
		{3916ACA1-96FA-4B32-9782-7D17C1915213}.Release|Any CPU.ActiveCfg = Release|Any CPU
		{3916ACA1-96FA-4B32-9782-7D17C1915213}.Release|Any CPU.Build.0 = Release|Any CPU
	EndGlobalSection
EndGlobal
